
Microsoft Visual Studio Solution File, Format Version 12.00
# Visual Studio Version 16
VisualStudioVersion = 16.0.30320.27
MinimumVisualStudioVersion = 10.0.40219.1
Project("{FAE04EC0-301F-11D3-BF4B-00C04F79EFBC}") = "WebApplication", "WebApplication\WebApplication.csproj", "{DCFC0ED6-0B1B-43EA-B155-EDF09083D262}"
EndProject
Global
	GlobalSection(SolutionConfigurationPlatforms) = preSolution
		Debug|Any CPU = Debug|Any CPU
		Release|Any CPU = Release|Any CPU
	EndGlobalSection
	GlobalSection(ProjectConfigurationPlatforms) = postSolution
		{DCFC0ED6-0B1B-43EA-B155-EDF09083D262}.Debug|Any CPU.ActiveCfg = Debug|Any CPU
		{DCFC0ED6-0B1B-43EA-B155-EDF09083D262}.Debug|Any CPU.Build.0 = Debug|Any CPU
		{DCFC0ED6-0B1B-43EA-B155-EDF09083D262}.Release|Any CPU.ActiveCfg = Release|Any CPU
		{DCFC0ED6-0B1B-43EA-B155-EDF09083D262}.Release|Any CPU.Build.0 = Release|Any CPU
	EndGlobalSection
	GlobalSection(SolutionProperties) = preSolution
		HideSolutionNode = FALSE
	EndGlobalSection
	GlobalSection(ExtensibilityGlobals) = postSolution
		SolutionGuid = {6D669B03-9812-4657-8D06-98889310C759}
	EndGlobalSection
EndGlobal
